# This file is autogenerated, do not edit; changes may be undone by the next 'dep ensure'.


[[projects]]
  name = "bitbucket.org/qosdil/go-calc"
  packages = ["."]
  revision = "bc12492209aa04dde353a0f1dcc81e19201869cf"
  version = "1.0.1"

[solve-meta]
  analyzer-name = "dep"
  analyzer-version = 1
  inputs-digest = "4beda67194334387b83112383dbf59b2a70a3bd0e63c5fedbe0a3e8e23fe62ec"
  solver-name = "gps-cdcl"
  solver-version = 1
