# This file is autogenerated, do not edit; changes may be undone by the next 'dep ensure'.


[[projects]]
  branch = "master"
  name = "bitbucket.org/qosdil/go-calc"
  packages = ["."]
  revision = "5316a152768ee815d3f09f2a9523209f85b587c2"

[solve-meta]
  analyzer-name = "dep"
  analyzer-version = 1
  inputs-digest = "77a6d4f33e5aabd2c34b7675488db7a1d3820e07f23c2a4d467cf94e8774970b"
  solver-name = "gps-cdcl"
  solver-version = 1
