# This file is autogenerated, do not edit; changes may be undone by the next 'dep ensure'.


[[projects]]
  name = "bitbucket.org/qosdil/go-calc"
  packages = ["."]
  revision = "c0fd1ccd94fec4926cdddb57d54bafbd9a9c811f"
  version = "1.0.2"

[solve-meta]
  analyzer-name = "dep"
  analyzer-version = 1
  inputs-digest = "f306da90b6e5006264934a06a26ab033fdb57617f7d42e021fc5e6d0a5bcb7a4"
  solver-name = "gps-cdcl"
  solver-version = 1
